
Microsoft Visual Studio Solution File, Format Version 12.00
# Visual Studio Version 17
VisualStudioVersion = 17.7.34031.279
MinimumVisualStudioVersion = 10.0.40219.1
Project("{FAE04EC0-301F-11D3-BF4B-00C04F79EFBC}") = "talaldKi", "talaldKi\talaldKi.csproj", "{BC248D67-BB75-47AC-8C3C-1C0A3A55E752}"
EndProject
Global
	GlobalSection(SolutionConfigurationPlatforms) = preSolution
		Debug|Any CPU = Debug|Any CPU
		Release|Any CPU = Release|Any CPU
	EndGlobalSection
	GlobalSection(ProjectConfigurationPlatforms) = postSolution
		{BC248D67-BB75-47AC-8C3C-1C0A3A55E752}.Debug|Any CPU.ActiveCfg = Debug|Any CPU
		{BC248D67-BB75-47AC-8C3C-1C0A3A55E752}.Debug|Any CPU.Build.0 = Debug|Any CPU
		{BC248D67-BB75-47AC-8C3C-1C0A3A55E752}.Release|Any CPU.ActiveCfg = Release|Any CPU
		{BC248D67-BB75-47AC-8C3C-1C0A3A55E752}.Release|Any CPU.Build.0 = Release|Any CPU
	EndGlobalSection
	GlobalSection(SolutionProperties) = preSolution
		HideSolutionNode = FALSE
	EndGlobalSection
	GlobalSection(ExtensibilityGlobals) = postSolution
		SolutionGuid = {5523BD15-75A6-4A5C-86E9-7F6FDF128F3D}
	EndGlobalSection
EndGlobal
